
Microsoft Visual Studio Solution File, Format Version 12.00
# Visual Studio Version 16
VisualStudioVersion = 16.0.34114.132
MinimumVisualStudioVersion = 10.0.40219.1
Project("{888888A0-9F3D-457C-B088-3A5042F75D52}") = "Exam Results project", "Exam Results project\Exam Results project.pyproj", "{9025D306-D168-4E62-9E19-43DD323910AC}"
EndProject
Global
	GlobalSection(SolutionConfigurationPlatforms) = preSolution
		Debug|Any CPU = Debug|Any CPU
		Release|Any CPU = Release|Any CPU
	EndGlobalSection
	GlobalSection(ProjectConfigurationPlatforms) = postSolution
		{9025D306-D168-4E62-9E19-43DD323910AC}.Debug|Any CPU.ActiveCfg = Debug|Any CPU
		{9025D306-D168-4E62-9E19-43DD323910AC}.Release|Any CPU.ActiveCfg = Release|Any CPU
	EndGlobalSection
	GlobalSection(SolutionProperties) = preSolution
		HideSolutionNode = FALSE
	EndGlobalSection
	GlobalSection(ExtensibilityGlobals) = postSolution
		SolutionGuid = {A62A9BFF-7A01-49C3-80E7-E8C183EBE1D0}
	EndGlobalSection
EndGlobal
